
Microsoft Visual Studio Solution File, Format Version 12.00
# Visual Studio Version 17
VisualStudioVersion = 17.4.33205.214
MinimumVisualStudioVersion = 10.0.40219.1
Project("{FAE04EC0-301F-11D3-BF4B-00C04F79EFBC}") = "StudyCSharpIdiom", "StudyCSharpIdiom\StudyCSharpIdiom.csproj", "{1F59D759-B3B2-4072-827D-FA3FF43960C2}"
EndProject
Project("{FAE04EC0-301F-11D3-BF4B-00C04F79EFBC}") = "DistanceConverter", "Chapter2\DistanceConverter\DistanceConverter.csproj", "{F06BA53B-3A90-42EB-AAE8-35BD72F125BB}"
EndProject
Project("{FAE04EC0-301F-11D3-BF4B-00C04F79EFBC}") = "SalesCalculator", "Chapter2\SalesCalculator\SalesCalculator.csproj", "{7A9AA294-51DE-4C52-8C7D-043BBF0EBAAC}"
EndProject
Project("{FAE04EC0-301F-11D3-BF4B-00C04F79EFBC}") = "Practice", "Chapter2\Practice\Practice\Practice.csproj", "{0EFBCBF4-BE5C-44C3-9D88-9BEC99AD4D8F}"
EndProject
Global
	GlobalSection(SolutionConfigurationPlatforms) = preSolution
		Debug|Any CPU = Debug|Any CPU
		Release|Any CPU = Release|Any CPU
	EndGlobalSection
	GlobalSection(ProjectConfigurationPlatforms) = postSolution
		{1F59D759-B3B2-4072-827D-FA3FF43960C2}.Debug|Any CPU.ActiveCfg = Debug|Any CPU
		{1F59D759-B3B2-4072-827D-FA3FF43960C2}.Debug|Any CPU.Build.0 = Debug|Any CPU
		{1F59D759-B3B2-4072-827D-FA3FF43960C2}.Release|Any CPU.ActiveCfg = Release|Any CPU
		{1F59D759-B3B2-4072-827D-FA3FF43960C2}.Release|Any CPU.Build.0 = Release|Any CPU
		{F06BA53B-3A90-42EB-AAE8-35BD72F125BB}.Debug|Any CPU.ActiveCfg = Debug|Any CPU
		{F06BA53B-3A90-42EB-AAE8-35BD72F125BB}.Debug|Any CPU.Build.0 = Debug|Any CPU
		{F06BA53B-3A90-42EB-AAE8-35BD72F125BB}.Release|Any CPU.ActiveCfg = Release|Any CPU
		{F06BA53B-3A90-42EB-AAE8-35BD72F125BB}.Release|Any CPU.Build.0 = Release|Any CPU
		{7A9AA294-51DE-4C52-8C7D-043BBF0EBAAC}.Debug|Any CPU.ActiveCfg = Debug|Any CPU
		{7A9AA294-51DE-4C52-8C7D-043BBF0EBAAC}.Debug|Any CPU.Build.0 = Debug|Any CPU
		{7A9AA294-51DE-4C52-8C7D-043BBF0EBAAC}.Release|Any CPU.ActiveCfg = Release|Any CPU
		{7A9AA294-51DE-4C52-8C7D-043BBF0EBAAC}.Release|Any CPU.Build.0 = Release|Any CPU
		{0EFBCBF4-BE5C-44C3-9D88-9BEC99AD4D8F}.Debug|Any CPU.ActiveCfg = Debug|Any CPU
		{0EFBCBF4-BE5C-44C3-9D88-9BEC99AD4D8F}.Debug|Any CPU.Build.0 = Debug|Any CPU
		{0EFBCBF4-BE5C-44C3-9D88-9BEC99AD4D8F}.Release|Any CPU.ActiveCfg = Release|Any CPU
		{0EFBCBF4-BE5C-44C3-9D88-9BEC99AD4D8F}.Release|Any CPU.Build.0 = Release|Any CPU
	EndGlobalSection
	GlobalSection(SolutionProperties) = preSolution
		HideSolutionNode = FALSE
	EndGlobalSection
	GlobalSection(ExtensibilityGlobals) = postSolution
		SolutionGuid = {440D34B4-317D-476E-BE97-102518F627E7}
	EndGlobalSection
EndGlobal
